// !$*UTF8*$!
{
	archiveVersion = 1;
	classes = {
	};
	objectVersion = 50;
	objects = {

/* Begin PBXBuildFile section */
		FC6E296D2498D90F00D2BFE3 /* AppDelegate.swift in Sources */ = {isa = PBXBuildFile; fileRef = FC6E296C2498D90F00D2BFE3 /* AppDelegate.swift */; };
		FC6E29742498D91100D2BFE3 /* Assets.xcassets in Resources */ = {isa = PBXBuildFile; fileRef = FC6E29732498D91100D2BFE3 /* Assets.xcassets */; };
		FC6E29772498D91100D2BFE3 /* LaunchScreen.storyboard in Resources */ = {isa = PBXBuildFile; fileRef = FC6E29752498D91100D2BFE3 /* LaunchScreen.storyboard */; };
		FC6E298F2498E72700D2BFE3 /* SwipeViewController.swift in Sources */ = {isa = PBXBuildFile; fileRef = FC6E298E2498E72700D2BFE3 /* SwipeViewController.swift */; };
		FC6E29912498EE9100D2BFE3 /* .gitignore in Resources */ = {isa = PBXBuildFile; fileRef = FC6E29902498EE9100D2BFE3 /* .gitignore */; };
/* End PBXBuildFile section */

/* Begin PBXFileReference section */
		FC6E29692498D90F00D2BFE3 /* AstrologyApp.app */ = {isa = PBXFileReference; explicitFileType = wrapper.application; includeInIndex = 0; path = AstrologyApp.app; sourceTree = BUILT_PRODUCTS_DIR; };
		FC6E296C2498D90F00D2BFE3 /* AppDelegate.swift */ = {isa = PBXFileReference; lastKnownFileType = sourcecode.swift; path = AppDelegate.swift; sourceTree = "<group>"; };
		FC6E29732498D91100D2BFE3 /* Assets.xcassets */ = {isa = PBXFileReference; lastKnownFileType = folder.assetcatalog; path = Assets.xcassets; sourceTree = "<group>"; };
		FC6E29762498D91100D2BFE3 /* Base */ = {isa = PBXFileReference; lastKnownFileType = file.storyboard; name = Base; path = Base.lproj/LaunchScreen.storyboard; sourceTree = "<group>"; };
		FC6E29782498D91100D2BFE3 /* Info.plist */ = {isa = PBXFileReference; lastKnownFileType = text.plist.xml; path = Info.plist; sourceTree = "<group>"; };
		FC6E298E2498E72700D2BFE3 /* SwipeViewController.swift */ = {isa = PBXFileReference; lastKnownFileType = sourcecode.swift; path = SwipeViewController.swift; sourceTree = "<group>"; };
		FC6E29902498EE9100D2BFE3 /* .gitignore */ = {isa = PBXFileReference; lastKnownFileType = text; path = .gitignore; sourceTree = "<group>"; };
/* End PBXFileReference section */

/* Begin PBXFrameworksBuildPhase section */
		FC6E29662498D90F00D2BFE3 /* Frameworks */ = {
			isa = PBXFrameworksBuildPhase;
			buildActionMask = 2147483647;
			files = (
			);
			runOnlyForDeploymentPostprocessing = 0;
		};
/* End PBXFrameworksBuildPhase section */

/* Begin PBXGroup section */
		FC6E29602498D90F00D2BFE3 = {
			isa = PBXGroup;
			children = (
				FC6E29902498EE9100D2BFE3 /* .gitignore */,
				FC6E296B2498D90F00D2BFE3 /* AstrologyApp */,
				FC6E296A2498D90F00D2BFE3 /* Products */,
			);
			sourceTree = "<group>";
		};
		FC6E296A2498D90F00D2BFE3 /* Products */ = {
			isa = PBXGroup;
			children = (
				FC6E29692498D90F00D2BFE3 /* AstrologyApp.app */,
			);
			name = Products;
			sourceTree = "<group>";
		};
		FC6E296B2498D90F00D2BFE3 /* AstrologyApp */ = {
			isa = PBXGroup;
			children = (
				FC6E298D2498E6CD00D2BFE3 /* AuthViewController */,
				FC6E296C2498D90F00D2BFE3 /* AppDelegate.swift */,
				FC6E29732498D91100D2BFE3 /* Assets.xcassets */,
				FC6E29752498D91100D2BFE3 /* LaunchScreen.storyboard */,
				FC6E29782498D91100D2BFE3 /* Info.plist */,
			);
			path = AstrologyApp;
			sourceTree = "<group>";
		};
		FC6E298D2498E6CD00D2BFE3 /* AuthViewController */ = {
			isa = PBXGroup;
			children = (
				FC6E298E2498E72700D2BFE3 /* SwipeViewController.swift */,
			);
			path = AuthViewController;
			sourceTree = "<group>";
		};
/* End PBXGroup section */

/* Begin PBXNativeTarget section */
		FC6E29682498D90F00D2BFE3 /* AstrologyApp */ = {
			isa = PBXNativeTarget;
			buildConfigurationList = FC6E297B2498D91100D2BFE3 /* Build configuration list for PBXNativeTarget "AstrologyApp" */;
			buildPhases = (
				FC6E29652498D90F00D2BFE3 /* Sources */,
				FC6E29662498D90F00D2BFE3 /* Frameworks */,
				FC6E29672498D90F00D2BFE3 /* Resources */,
			);
			buildRules = (
			);
			dependencies = (
			);
			name = AstrologyApp;
			productName = AstrologyApp;
			productReference = FC6E29692498D90F00D2BFE3 /* AstrologyApp.app */;
			productType = "com.apple.product-type.application";
		};
/* End PBXNativeTarget section */

/* Begin PBXProject section */
		FC6E29612498D90F00D2BFE3 /* Project object */ = {
			isa = PBXProject;
			attributes = {
				LastSwiftUpdateCheck = 1030;
				LastUpgradeCheck = 1030;
				ORGANIZATIONNAME = "Адель Рахимов";
				TargetAttributes = {
					FC6E29682498D90F00D2BFE3 = {
						CreatedOnToolsVersion = 10.3;
					};
				};
			};
			buildConfigurationList = FC6E29642498D90F00D2BFE3 /* Build configuration list for PBXProject "AstrologyApp" */;
			compatibilityVersion = "Xcode 9.3";
			developmentRegion = en;
			hasScannedForEncodings = 0;
			knownRegions = (
				en,
				Base,
			);
			mainGroup = FC6E29602498D90F00D2BFE3;
			productRefGroup = FC6E296A2498D90F00D2BFE3 /* Products */;
			projectDirPath = "";
			projectRoot = "";
			targets = (
				FC6E29682498D90F00D2BFE3 /* AstrologyApp */,
			);
		};
/* End PBXProject section */

/* Begin PBXResourcesBuildPhase section */
		FC6E29672498D90F00D2BFE3 /* Resources */ = {
			isa = PBXResourcesBuildPhase;
			buildActionMask = 2147483647;
			files = (
				FC6E29772498D91100D2BFE3 /* LaunchScreen.storyboard in Resources */,
				FC6E29912498EE9100D2BFE3 /* .gitignore in Resources */,
				FC6E29742498D91100D2BFE3 /* Assets.xcassets in Resources */,
			);
			runOnlyForDeploymentPostprocessing = 0;
		};
/* End PBXResourcesBuildPhase section */

/* Begin PBXSourcesBuildPhase section */
		FC6E29652498D90F00D2BFE3 /* Sources */ = {
			isa = PBXSourcesBuildPhase;
			buildActionMask = 2147483647;
			files = (
				FC6E296D2498D90F00D2BFE3 /* AppDelegate.swift in Sources */,
				FC6E298F2498E72700D2BFE3 /* SwipeViewController.swift in Sources */,
			);
			runOnlyForDeploymentPostprocessing = 0;
		};
/* End PBXSourcesBuildPhase section */

/* Begin PBXVariantGroup section */
		FC6E29752498D91100D2BFE3 /* LaunchScreen.storyboard */ = {
			isa = PBXVariantGroup;
			children = (
				FC6E29762498D91100D2BFE3 /* Base */,
			);
			name = LaunchScreen.storyboard;
			sourceTree = "<group>";
		};
/* End PBXVariantGroup section */

/* Begin XCBuildConfiguration section */
		FC6E29792498D91100D2BFE3 /* Debug */ = {
			isa = XCBuildConfiguration;
			buildSettings = {
				ALWAYS_SEARCH_USER_PATHS = NO;
				CLANG_ANALYZER_NONNULL = YES;
				CLANG_ANALYZER_NUMBER_OBJECT_CONVERSION = YES_AGGRESSIVE;
				CLANG_CXX_LANGUAGE_STANDARD = "gnu++14";
				CLANG_CXX_LIBRARY = "libc++";
				CLANG_ENABLE_MODULES = YES;
				CLANG_ENABLE_OBJC_ARC = YES;
				CLANG_ENABLE_OBJC_WEAK = YES;
				CLANG_WARN_BLOCK_CAPTURE_AUTORELEASING = YES;
				CLANG_WARN_BOOL_CONVERSION = YES;
				CLANG_WARN_COMMA = YES;
				CLANG_WARN_CONSTANT_CONVERSION = YES;
				CLANG_WARN_DEPRECATED_OBJC_IMPLEMENTATIONS = YES;
				CLANG_WARN_DIRECT_OBJC_ISA_USAGE = YES_ERROR;
				CLANG_WARN_DOCUMENTATION_COMMENTS = YES;
				CLANG_WARN_EMPTY_BODY = YES;
				CLANG_WARN_ENUM_CONVERSION = YES;
				CLANG_WARN_INFINITE_RECURSION = YES;
				CLANG_WARN_INT_CONVERSION = YES;
				CLANG_WARN_NON_LITERAL_NULL_CONVERSION = YES;
				CLANG_WARN_OBJC_IMPLICIT_RETAIN_SELF = YES;
				CLANG_WARN_OBJC_LITERAL_CONVERSION = YES;
				CLANG_WARN_OBJC_ROOT_CLASS = YES_ERROR;
				CLANG_WARN_RANGE_LOOP_ANALYSIS = YES;
				CLANG_WARN_STRICT_PROTOTYPES = YES;
				CLANG_WARN_SUSPICIOUS_MOVE = YES;
				CLANG_WARN_UNGUARDED_AVAILABILITY = YES_AGGRESSIVE;
				CLANG_WARN_UNREACHABLE_CODE = YES;
				CLANG_WARN__DUPLICATE_METHOD_MATCH = YES;
				CODE_SIGN_IDENTITY = "iPhone Developer";
				COPY_PHASE_STRIP = NO;
				DEBUG_INFORMATION_FORMAT = dwarf;
				ENABLE_STRICT_OBJC_MSGSEND = YES;
				ENABLE_TESTABILITY = YES;
				GCC_C_LANGUAGE_STANDARD = gnu11;
				GCC_DYNAMIC_NO_PIC = NO;
				GCC_NO_COMMON_BLOCKS = YES;
				GCC_OPTIMIZATION_LEVEL = 0;
				GCC_PREPROCESSOR_DEFINITIONS = (
					"DEBUG=1",
					"$(inherited)",
				);
				GCC_WARN_64_TO_32_BIT_CONVERSION = YES;
				GCC_WARN_ABOUT_RETURN_TYPE = YES_ERROR;
				GCC_WARN_UNDECLARED_SELECTOR = YES;
				GCC_WARN_UNINITIALIZED_AUTOS = YES_AGGRESSIVE;
				GCC_WARN_UNUSED_FUNCTION = YES;
				GCC_WARN_UNUSED_VARIABLE = YES;
				IPHONEOS_DEPLOYMENT_TARGET = 12.4;
				MTL_ENABLE_DEBUG_INFO = INCLUDE_SOURCE;
				MTL_FAST_MATH = YES;
				ONLY_ACTIVE_ARCH = YES;
				SDKROOT = iphoneos;
				SWIFT_ACTIVE_COMPILATION_CONDITIONS = DEBUG;
				SWIFT_OPTIMIZATION_LEVEL = "-Onone";
			};
			name = Debug;
		};
		FC6E297A2498D91100D2BFE3 /* Release */ = {
			isa = XCBuildConfiguration;
			buildSettings = {
				ALWAYS_SEARCH_USER_PATHS = NO;
				CLANG_ANALYZER_NONNULL = YES;
				CLANG_ANALYZER_NUMBER_OBJECT_CONVERSION = YES_AGGRESSIVE;
				CLANG_CXX_LANGUAGE_STANDARD = "gnu++14";
				CLANG_CXX_LIBRARY = "libc++";
				CLANG_ENABLE_MODULES = YES;
				CLANG_ENABLE_OBJC_ARC = YES;
				CLANG_ENABLE_OBJC_WEAK = YES;
				CLANG_WARN_BLOCK_CAPTURE_AUTORELEASING = YES;
				CLANG_WARN_BOOL_CONVERSION = YES;
				CLANG_WARN_COMMA = YES;
				CLANG_WARN_CONSTANT_CONVERSION = YES;
				CLANG_WARN_DEPRECATED_OBJC_IMPLEMENTATIONS = YES;
				CLANG_WARN_DIRECT_OBJC_ISA_USAGE = YES_ERROR;
				CLANG_WARN_DOCUMENTATION_COMMENTS = YES;
				CLANG_WARN_EMPTY_BODY = YES;
				CLANG_WARN_ENUM_CONVERSION = YES;
				CLANG_WARN_INFINITE_RECURSION = YES;
				CLANG_WARN_INT_CONVERSION = YES;
				CLANG_WARN_NON_LITERAL_NULL_CONVERSION = YES;
				CLANG_WARN_OBJC_IMPLICIT_RETAIN_SELF = YES;
				CLANG_WARN_OBJC_LITERAL_CONVERSION = YES;
				CLANG_WARN_OBJC_ROOT_CLASS = YES_ERROR;
				CLANG_WARN_RANGE_LOOP_ANALYSIS = YES;
				CLANG_WARN_STRICT_PROTOTYPES = YES;
				CLANG_WARN_SUSPICIOUS_MOVE = YES;
				CLANG_WARN_UNGUARDED_AVAILABILITY = YES_AGGRESSIVE;
				CLANG_WARN_UNREACHABLE_CODE = YES;
				CLANG_WARN__DUPLICATE_METHOD_MATCH = YES;
				CODE_SIGN_IDENTITY = "iPhone Developer";
				COPY_PHASE_STRIP = NO;
				DEBUG_INFORMATION_FORMAT = "dwarf-with-dsym";
				ENABLE_NS_ASSERTIONS = NO;
				ENABLE_STRICT_OBJC_MSGSEND = YES;
				GCC_C_LANGUAGE_STANDARD = gnu11;
				GCC_NO_COMMON_BLOCKS = YES;
				GCC_WARN_64_TO_32_BIT_CONVERSION = YES;
				GCC_WARN_ABOUT_RETURN_TYPE = YES_ERROR;
				GCC_WARN_UNDECLARED_SELECTOR = YES;
				GCC_WARN_UNINITIALIZED_AUTOS = YES_AGGRESSIVE;
				GCC_WARN_UNUSED_FUNCTION = YES;
				GCC_WARN_UNUSED_VARIABLE = YES;
				IPHONEOS_DEPLOYMENT_TARGET = 12.4;
				MTL_ENABLE_DEBUG_INFO = NO;
				MTL_FAST_MATH = YES;
				SDKROOT = iphoneos;
				SWIFT_COMPILATION_MODE = wholemodule;
				SWIFT_OPTIMIZATION_LEVEL = "-O";
				VALIDATE_PRODUCT = YES;
			};
			name = Release;
		};
		FC6E297C2498D91100D2BFE3 /* Debug */ = {
			isa = XCBuildConfiguration;
			buildSettings = {
				ASSETCATALOG_COMPILER_APPICON_NAME = AppIcon;
				CODE_SIGN_STYLE = Automatic;
				DEVELOPMENT_TEAM = 33G9T39B5T;
				INFOPLIST_FILE = AstrologyApp/Info.plist;
				LD_RUNPATH_SEARCH_PATHS = (
					"$(inherited)",
					"@executable_path/Frameworks",
				);
				PRODUCT_BUNDLE_IDENTIFIER = bb.vdeliozzz.AstrologyApp;
				PRODUCT_NAME = "$(TARGET_NAME)";
				SWIFT_VERSION = 5.0;
				TARGETED_DEVICE_FAMILY = "1,2";
			};
			name = Debug;
		};
		FC6E297D2498D91100D2BFE3 /* Release */ = {
			isa = XCBuildConfiguration;
			buildSettings = {
				ASSETCATALOG_COMPILER_APPICON_NAME = AppIcon;
				CODE_SIGN_STYLE = Automatic;
				DEVELOPMENT_TEAM = 33G9T39B5T;
				INFOPLIST_FILE = AstrologyApp/Info.plist;
				LD_RUNPATH_SEARCH_PATHS = (
					"$(inherited)",
					"@executable_path/Frameworks",
				);
				PRODUCT_BUNDLE_IDENTIFIER = bb.vdeliozzz.AstrologyApp;
				PRODUCT_NAME = "$(TARGET_NAME)";
				SWIFT_VERSION = 5.0;
				TARGETED_DEVICE_FAMILY = "1,2";
			};
			name = Release;
		};
/* End XCBuildConfiguration section */

/* Begin XCConfigurationList section */
		FC6E29642498D90F00D2BFE3 /* Build configuration list for PBXProject "AstrologyApp" */ = {
			isa = XCConfigurationList;
			buildConfigurations = (
				FC6E29792498D91100D2BFE3 /* Debug */,
				FC6E297A2498D91100D2BFE3 /* Release */,
			);
			defaultConfigurationIsVisible = 0;
			defaultConfigurationName = Release;
		};
		FC6E297B2498D91100D2BFE3 /* Build configuration list for PBXNativeTarget "AstrologyApp" */ = {
			isa = XCConfigurationList;
			buildConfigurations = (
				FC6E297C2498D91100D2BFE3 /* Debug */,
				FC6E297D2498D91100D2BFE3 /* Release */,
			);
			defaultConfigurationIsVisible = 0;
			defaultConfigurationName = Release;
		};
/* End XCConfigurationList section */
	};
	rootObject = FC6E29612498D90F00D2BFE3 /* Project object */;
}
